
Microsoft Visual Studio Solution File, Format Version 12.00
# Visual Studio Version 16
VisualStudioVersion = 16.0.32901.82
MinimumVisualStudioVersion = 10.0.40219.1
Project("{FAE04EC0-301F-11D3-BF4B-00C04F79EFBC}") = "csgo", "csgo\csgo.csproj", "{0C08678F-268C-4A05-8659-420B80CD3C49}"
EndProject
Global
	GlobalSection(SolutionConfigurationPlatforms) = preSolution
		Debug|Any CPU = Debug|Any CPU
		Release|Any CPU = Release|Any CPU
	EndGlobalSection
	GlobalSection(ProjectConfigurationPlatforms) = postSolution
		{0C08678F-268C-4A05-8659-420B80CD3C49}.Debug|Any CPU.ActiveCfg = Debug|Any CPU
		{0C08678F-268C-4A05-8659-420B80CD3C49}.Debug|Any CPU.Build.0 = Debug|Any CPU
		{0C08678F-268C-4A05-8659-420B80CD3C49}.Release|Any CPU.ActiveCfg = Release|Any CPU
		{0C08678F-268C-4A05-8659-420B80CD3C49}.Release|Any CPU.Build.0 = Release|Any CPU
	EndGlobalSection
	GlobalSection(SolutionProperties) = preSolution
		HideSolutionNode = FALSE
	EndGlobalSection
	GlobalSection(ExtensibilityGlobals) = postSolution
		SolutionGuid = {0855D3C2-D040-444F-AFBA-15581ABCDED7}
	EndGlobalSection
EndGlobal
